{
  "name": "yandex-algorithm-training",
  "version": "1.0.0",
  "lockfileVersion": 2,
  "requires": true,
  "packages": {
    "": {
      "name": "yandex-algorithm-training",
      "version": "1.0.0",
      "license": "ISC",
      "devDependencies": {
        "@biomejs/biome": "2.0.0-beta.1",
        "lefthook": "^1.11.10"
      },
      "engines": {
        "node": ">=22"
      }
    },
    "node_modules/@biomejs/biome": {
      "version": "2.0.0-beta.1",
      "resolved": "https://registry.npmjs.org/@biomejs/biome/-/biome-2.0.0-beta.1.tgz",
      "integrity": "sha512-MqRoy9CbTkrS45zW+S4u8p4kQUIFx0mGUWi789W1R3b1kXYIudEqsTKgXKtTGsI0kWOlvnjuKqwTrabjaGchhQ==",
      "dev": true,
      "license": "MIT OR Apache-2.0",
      "bin": {
        "biome": "bin/biome"
      },
      "engines": {
        "node": ">=14.21.3"
      },
      "funding": {
        "type": "opencollective",
        "url": "https://opencollective.com/biome"
      },
      "optionalDependencies": {
        "@biomejs/cli-darwin-arm64": "2.0.0-beta.1",
        "@biomejs/cli-darwin-x64": "2.0.0-beta.1",
        "@biomejs/cli-linux-arm64": "2.0.0-beta.1",
        "@biomejs/cli-linux-arm64-musl": "2.0.0-beta.1",
        "@biomejs/cli-linux-x64": "2.0.0-beta.1",
        "@biomejs/cli-linux-x64-musl": "2.0.0-beta.1",
        "@biomejs/cli-win32-arm64": "2.0.0-beta.1",
        "@biomejs/cli-win32-x64": "2.0.0-beta.1"
      }
    },
    "node_modules/@biomejs/cli-darwin-arm64": {
      "version": "2.0.0-beta.1",
      "resolved": "https://registry.npmjs.org/@biomejs/cli-darwin-arm64/-/cli-darwin-arm64-2.0.0-beta.1.tgz",
      "integrity": "sha512-RaGmpNLl5NFooXaoCwvgvcuU6Am/rMZ3R48pQeCVxjrCcz1BIlKLTai5UosiedazW7JbXAvgXdSNizYG7ITlAQ==",
      "cpu": [
        "arm64"
      ],
      "dev": true,
      "license": "MIT OR Apache-2.0",
      "optional": true,
      "os": [
        "darwin"
      ],
      "engines": {
        "node": ">=14.21.3"
      }
    },
    "node_modules/@biomejs/cli-darwin-x64": {
      "version": "2.0.0-beta.1",
      "resolved": "https://registry.npmjs.org/@biomejs/cli-darwin-x64/-/cli-darwin-x64-2.0.0-beta.1.tgz",
      "integrity": "sha512-sTzSshkne7HKZFNfiIhmAji7gjtCBXvkTujZELCZWIZC7oj1Tjw/gvAzbdFj2UyHd5/i90pND4ybFOLQZm9gpg==",
      "cpu": [
        "x64"
      ],
      "dev": true,
      "license": "MIT OR Apache-2.0",
      "optional": true,
      "os": [
        "darwin"
      ],
      "engines": {
        "node": ">=14.21.3"
      }
    },
    "node_modules/@biomejs/cli-linux-arm64": {
      "version": "2.0.0-beta.1",
      "resolved": "https://registry.npmjs.org/@biomejs/cli-linux-arm64/-/cli-linux-arm64-2.0.0-beta.1.tgz",
      "integrity": "sha512-bxce2O4nooBmp20Ey0+IFIZyy/b0RVnciIQk9euCfAi9evq7SvFtMBYo3YUZej0KIvrau5H7tJk5OqmRJk2l+g==",
      "cpu": [
        "arm64"
      ],
      "dev": true,
      "license": "MIT OR Apache-2.0",
      "optional": true,
      "os": [
        "linux"
      ],
      "engines": {
        "node": ">=14.21.3"
      }
    },
    "node_modules/@biomejs/cli-linux-arm64-musl": {
      "version": "2.0.0-beta.1",
      "resolved": "https://registry.npmjs.org/@biomejs/cli-linux-arm64-musl/-/cli-linux-arm64-musl-2.0.0-beta.1.tgz",
      "integrity": "sha512-0MPUKzz9uBBxAYSJ+OlFi4+yGwiRcZeFqq39H0MxXCQ9MMpKJFH2Ek72fw8sXwG7Prn7EsW/3u1b7najyn1XGQ==",
      "cpu": [
        "arm64"
      ],
      "dev": true,
      "license": "MIT OR Apache-2.0",
      "optional": true,
      "os": [
        "linux"
      ],
      "engines": {
        "node": ">=14.21.3"
      }
    },
    "node_modules/@biomejs/cli-linux-x64": {
      "version": "2.0.0-beta.1",
      "resolved": "https://registry.npmjs.org/@biomejs/cli-linux-x64/-/cli-linux-x64-2.0.0-beta.1.tgz",
      "integrity": "sha512-6P/AtJv4hOH8mu8ez0c4UInUpiet9NEoF25+O7OPyb4w6ZHJMp2qzvayJS7TKrTQzE5KUvSiNsACGRz34DzUkg==",
      "cpu": [
        "x64"
      ],
      "dev": true,
      "license": "MIT OR Apache-2.0",
      "optional": true,
      "os": [
        "linux"
      ],
      "engines": {
        "node": ">=14.21.3"
      }
    },
    "node_modules/@biomejs/cli-linux-x64-musl": {
      "version": "2.0.0-beta.1",
      "resolved": "https://registry.npmjs.org/@biomejs/cli-linux-x64-musl/-/cli-linux-x64-musl-2.0.0-beta.1.tgz",
      "integrity": "sha512-dFvisnP1hFpVILNw0PZfs8piBwe8+aykO04Tb/4AJDVVzKkGgJfwSefwo4jqzO/Wk/Zruvhcp1nKbjgRXM+vDg==",
      "cpu": [
        "x64"
      ],
      "dev": true,
      "license": "MIT OR Apache-2.0",
      "optional": true,
      "os": [
        "linux"
      ],
      "engines": {
        "node": ">=14.21.3"
      }
    },
    "node_modules/@biomejs/cli-win32-arm64": {
      "version": "2.0.0-beta.1",
      "resolved": "https://registry.npmjs.org/@biomejs/cli-win32-arm64/-/cli-win32-arm64-2.0.0-beta.1.tgz",
      "integrity": "sha512-0C9YSqWHf2cJGnjKDbLi49xv6H9IfqbDsFav7X557PqwY64O6IKWqcmZzi/PkDFHjQM9opU6uhKapeGKGDxziQ==",
      "cpu": [
        "arm64"
      ],
      "dev": true,
      "license": "MIT OR Apache-2.0",
      "optional": true,
      "os": [
        "win32"
      ],
      "engines": {
        "node": ">=14.21.3"
      }
    },
    "node_modules/@biomejs/cli-win32-x64": {
      "version": "2.0.0-beta.1",
      "resolved": "https://registry.npmjs.org/@biomejs/cli-win32-x64/-/cli-win32-x64-2.0.0-beta.1.tgz",
      "integrity": "sha512-o8W6+DX0YRjt1kS8Y3ismq6EkjwiVDv7X0TEpfnFywoVG8HoJ7G7/m9r8LM1yE46WI3maPH2A0MoVpQ1ZNG++A==",
      "cpu": [
        "x64"
      ],
      "dev": true,
      "license": "MIT OR Apache-2.0",
      "optional": true,
      "os": [
        "win32"
      ],
      "engines": {
        "node": ">=14.21.3"
      }
    },
    "node_modules/lefthook": {
      "version": "1.11.10",
      "resolved": "https://registry.npmjs.org/lefthook/-/lefthook-1.11.10.tgz",
      "integrity": "sha512-nuiRqBADcRiU6dzwf2H1zBCsdcWGEOsxY8hqoXw5nkEuoTEYN1Bwi2vskHXjIzJ62iCOCo4FZhcHBAzT9gwL5g==",
      "dev": true,
      "hasInstallScript": true,
      "license": "MIT",
      "bin": {
        "lefthook": "bin/index.js"
      },
      "optionalDependencies": {
        "lefthook-darwin-arm64": "1.11.10",
        "lefthook-darwin-x64": "1.11.10",
        "lefthook-freebsd-arm64": "1.11.10",
        "lefthook-freebsd-x64": "1.11.10",
        "lefthook-linux-arm64": "1.11.10",
        "lefthook-linux-x64": "1.11.10",
        "lefthook-openbsd-arm64": "1.11.10",
        "lefthook-openbsd-x64": "1.11.10",
        "lefthook-windows-arm64": "1.11.10",
        "lefthook-windows-x64": "1.11.10"
      }
    },
    "node_modules/lefthook-darwin-arm64": {
      "version": "1.11.10",
      "resolved": "https://registry.npmjs.org/lefthook-darwin-arm64/-/lefthook-darwin-arm64-1.11.10.tgz",
      "integrity": "sha512-Rufl8BRP77GRFtgNwW95/FHPD0VDfu5bRyzASPcyVrFczJiBK1glAHRdYrErBDNqJhEEjkyv9+EkCZS/MnDKPQ==",
      "cpu": [
        "arm64"
      ],
      "dev": true,
      "license": "MIT",
      "optional": true,
      "os": [
        "darwin"
      ]
    },
    "node_modules/lefthook-darwin-x64": {
      "version": "1.11.10",
      "resolved": "https://registry.npmjs.org/lefthook-darwin-x64/-/lefthook-darwin-x64-1.11.10.tgz",
      "integrity": "sha512-3ReMyC103S+RozcYQlej9RVa1tKr9t8/PGqXbCiWcPAgA9To3GywPk8533qzTs7Nz9fYDiqJMYyQoXovX0Q4SA==",
      "cpu": [
        "x64"
      ],
      "dev": true,
      "license": "MIT",
      "optional": true,
      "os": [
        "darwin"
      ]
    },
    "node_modules/lefthook-freebsd-arm64": {
      "version": "1.11.10",
      "resolved": "https://registry.npmjs.org/lefthook-freebsd-arm64/-/lefthook-freebsd-arm64-1.11.10.tgz",
      "integrity": "sha512-UQOdQuvoVEe0HnoVX4Uz8beegndBDKE6Igo5flV3OkrBuO1Cz7dGbTQwzsYg6gBLYUOa8Ecb3Xur80oviQqwnA==",
      "cpu": [
        "arm64"
      ],
      "dev": true,
      "license": "MIT",
      "optional": true,
      "os": [
        "freebsd"
      ]
    },
    "node_modules/lefthook-freebsd-x64": {
      "version": "1.11.10",
      "resolved": "https://registry.npmjs.org/lefthook-freebsd-x64/-/lefthook-freebsd-x64-1.11.10.tgz",
      "integrity": "sha512-IkoywmTzw9dKDtN34HJ8AZkbY3CGu1XpAVU08pIIvlhv0y7PlLGHYTdmx90SC1d4FhTlTMyiANgXyIaAnXjucw==",
      "cpu": [
        "x64"
      ],
      "dev": true,
      "license": "MIT",
      "optional": true,
      "os": [
        "freebsd"
      ]
    },
    "node_modules/lefthook-linux-arm64": {
      "version": "1.11.10",
      "resolved": "https://registry.npmjs.org/lefthook-linux-arm64/-/lefthook-linux-arm64-1.11.10.tgz",
      "integrity": "sha512-l/lH4FSljNSIetcptPKLI5sTBpjS6dJZ4gk9oXoGM0ftvb22AlLcZI4l6NFCC1oLVWM0CbhkbStDGTI5txsVaA==",
      "cpu": [
        "arm64"
      ],
      "dev": true,
      "license": "MIT",
      "optional": true,
      "os": [
        "linux"
      ]
    },
    "node_modules/lefthook-linux-x64": {
      "version": "1.11.10",
      "resolved": "https://registry.npmjs.org/lefthook-linux-x64/-/lefthook-linux-x64-1.11.10.tgz",
      "integrity": "sha512-yAIIP711p7t0Z9zLfPtdSx1d7pSgtnuVC5B9PANud3I0JOs82aCzmqpc9Q/zp+imWXdI2PpZlFyKx8GLrDW5BQ==",
      "cpu": [
        "x64"
      ],
      "dev": true,
      "license": "MIT",
      "optional": true,
      "os": [
        "linux"
      ]
    },
    "node_modules/lefthook-openbsd-arm64": {
      "version": "1.11.10",
      "resolved": "https://registry.npmjs.org/lefthook-openbsd-arm64/-/lefthook-openbsd-arm64-1.11.10.tgz",
      "integrity": "sha512-OAqg9BLsTaeioCJduzZrRLupA2dhTOwHOX0GkO4HTSrOD85JuEPqr5RbYoJ7zuzTQcJEXTJYzaeATM2QHjp/aQ==",
      "cpu": [
        "arm64"
      ],
      "dev": true,
      "license": "MIT",
      "optional": true,
      "os": [
        "openbsd"
      ]
    },
    "node_modules/lefthook-openbsd-x64": {
      "version": "1.11.10",
      "resolved": "https://registry.npmjs.org/lefthook-openbsd-x64/-/lefthook-openbsd-x64-1.11.10.tgz",
      "integrity": "sha512-EiUU3mFvqcUdnj3gt0V0gRpQQp0b70cLDSA0LgZyFMM4UimeMbA7OgNYl72RKJgrHcTPHrQc4Vj7Mowbhb/X5w==",
      "cpu": [
        "x64"
      ],
      "dev": true,
      "license": "MIT",
      "optional": true,
      "os": [
        "openbsd"
      ]
    },
    "node_modules/lefthook-windows-arm64": {
      "version": "1.11.10",
      "resolved": "https://registry.npmjs.org/lefthook-windows-arm64/-/lefthook-windows-arm64-1.11.10.tgz",
      "integrity": "sha512-clKfI95dCpzxJ1zVgcuYWlSl2oNbtAALoMGqYrzJsoy+CAi+vIs54sqJoGOE60+zrVbdk65z8hriCoYNr98SgA==",
      "cpu": [
        "arm64"
      ],
      "dev": true,
      "license": "MIT",
      "optional": true,
      "os": [
        "win32"
      ]
    },
    "node_modules/lefthook-windows-x64": {
      "version": "1.11.10",
      "resolved": "https://registry.npmjs.org/lefthook-windows-x64/-/lefthook-windows-x64-1.11.10.tgz",
      "integrity": "sha512-zpf/0sG50xsGnwVG/a2giUbmaM/g0uIRqxN5qBbmwKCf0P4PPD2r1xiFZNDb520+tUTC1lWe0RWVoSSwZbBQRA==",
      "cpu": [
        "x64"
      ],
      "dev": true,
      "license": "MIT",
      "optional": true,
      "os": [
        "win32"
      ]
    }
  },
  "dependencies": {
    "@biomejs/biome": {
      "version": "2.0.0-beta.1",
      "resolved": "https://registry.npmjs.org/@biomejs/biome/-/biome-2.0.0-beta.1.tgz",
      "integrity": "sha512-MqRoy9CbTkrS45zW+S4u8p4kQUIFx0mGUWi789W1R3b1kXYIudEqsTKgXKtTGsI0kWOlvnjuKqwTrabjaGchhQ==",
      "dev": true,
      "requires": {
        "@biomejs/cli-darwin-arm64": "2.0.0-beta.1",
        "@biomejs/cli-darwin-x64": "2.0.0-beta.1",
        "@biomejs/cli-linux-arm64": "2.0.0-beta.1",
        "@biomejs/cli-linux-arm64-musl": "2.0.0-beta.1",
        "@biomejs/cli-linux-x64": "2.0.0-beta.1",
        "@biomejs/cli-linux-x64-musl": "2.0.0-beta.1",
        "@biomejs/cli-win32-arm64": "2.0.0-beta.1",
        "@biomejs/cli-win32-x64": "2.0.0-beta.1"
      }
    },
    "@biomejs/cli-darwin-arm64": {
      "version": "2.0.0-beta.1",
      "resolved": "https://registry.npmjs.org/@biomejs/cli-darwin-arm64/-/cli-darwin-arm64-2.0.0-beta.1.tgz",
      "integrity": "sha512-RaGmpNLl5NFooXaoCwvgvcuU6Am/rMZ3R48pQeCVxjrCcz1BIlKLTai5UosiedazW7JbXAvgXdSNizYG7ITlAQ==",
      "dev": true,
      "optional": true
    },
    "@biomejs/cli-darwin-x64": {
      "version": "2.0.0-beta.1",
      "resolved": "https://registry.npmjs.org/@biomejs/cli-darwin-x64/-/cli-darwin-x64-2.0.0-beta.1.tgz",
      "integrity": "sha512-sTzSshkne7HKZFNfiIhmAji7gjtCBXvkTujZELCZWIZC7oj1Tjw/gvAzbdFj2UyHd5/i90pND4ybFOLQZm9gpg==",
      "dev": true,
      "optional": true
    },
    "@biomejs/cli-linux-arm64": {
      "version": "2.0.0-beta.1",
      "resolved": "https://registry.npmjs.org/@biomejs/cli-linux-arm64/-/cli-linux-arm64-2.0.0-beta.1.tgz",
      "integrity": "sha512-bxce2O4nooBmp20Ey0+IFIZyy/b0RVnciIQk9euCfAi9evq7SvFtMBYo3YUZej0KIvrau5H7tJk5OqmRJk2l+g==",
      "dev": true,
      "optional": true
    },
    "@biomejs/cli-linux-arm64-musl": {
      "version": "2.0.0-beta.1",
      "resolved": "https://registry.npmjs.org/@biomejs/cli-linux-arm64-musl/-/cli-linux-arm64-musl-2.0.0-beta.1.tgz",
      "integrity": "sha512-0MPUKzz9uBBxAYSJ+OlFi4+yGwiRcZeFqq39H0MxXCQ9MMpKJFH2Ek72fw8sXwG7Prn7EsW/3u1b7najyn1XGQ==",
      "dev": true,
      "optional": true
    },
    "@biomejs/cli-linux-x64": {
      "version": "2.0.0-beta.1",
      "resolved": "https://registry.npmjs.org/@biomejs/cli-linux-x64/-/cli-linux-x64-2.0.0-beta.1.tgz",
      "integrity": "sha512-6P/AtJv4hOH8mu8ez0c4UInUpiet9NEoF25+O7OPyb4w6ZHJMp2qzvayJS7TKrTQzE5KUvSiNsACGRz34DzUkg==",
      "dev": true,
      "optional": true
    },
    "@biomejs/cli-linux-x64-musl": {
      "version": "2.0.0-beta.1",
      "resolved": "https://registry.npmjs.org/@biomejs/cli-linux-x64-musl/-/cli-linux-x64-musl-2.0.0-beta.1.tgz",
      "integrity": "sha512-dFvisnP1hFpVILNw0PZfs8piBwe8+aykO04Tb/4AJDVVzKkGgJfwSefwo4jqzO/Wk/Zruvhcp1nKbjgRXM+vDg==",
      "dev": true,
      "optional": true
    },
    "@biomejs/cli-win32-arm64": {
      "version": "2.0.0-beta.1",
      "resolved": "https://registry.npmjs.org/@biomejs/cli-win32-arm64/-/cli-win32-arm64-2.0.0-beta.1.tgz",
      "integrity": "sha512-0C9YSqWHf2cJGnjKDbLi49xv6H9IfqbDsFav7X557PqwY64O6IKWqcmZzi/PkDFHjQM9opU6uhKapeGKGDxziQ==",
      "dev": true,
      "optional": true
    },
    "@biomejs/cli-win32-x64": {
      "version": "2.0.0-beta.1",
      "resolved": "https://registry.npmjs.org/@biomejs/cli-win32-x64/-/cli-win32-x64-2.0.0-beta.1.tgz",
      "integrity": "sha512-o8W6+DX0YRjt1kS8Y3ismq6EkjwiVDv7X0TEpfnFywoVG8HoJ7G7/m9r8LM1yE46WI3maPH2A0MoVpQ1ZNG++A==",
      "dev": true,
      "optional": true
    },
    "lefthook": {
      "version": "1.11.10",
      "resolved": "https://registry.npmjs.org/lefthook/-/lefthook-1.11.10.tgz",
      "integrity": "sha512-nuiRqBADcRiU6dzwf2H1zBCsdcWGEOsxY8hqoXw5nkEuoTEYN1Bwi2vskHXjIzJ62iCOCo4FZhcHBAzT9gwL5g==",
      "dev": true,
      "requires": {
        "lefthook-darwin-arm64": "1.11.10",
        "lefthook-darwin-x64": "1.11.10",
        "lefthook-freebsd-arm64": "1.11.10",
        "lefthook-freebsd-x64": "1.11.10",
        "lefthook-linux-arm64": "1.11.10",
        "lefthook-linux-x64": "1.11.10",
        "lefthook-openbsd-arm64": "1.11.10",
        "lefthook-openbsd-x64": "1.11.10",
        "lefthook-windows-arm64": "1.11.10",
        "lefthook-windows-x64": "1.11.10"
      }
    },
    "lefthook-darwin-arm64": {
      "version": "1.11.10",
      "resolved": "https://registry.npmjs.org/lefthook-darwin-arm64/-/lefthook-darwin-arm64-1.11.10.tgz",
      "integrity": "sha512-Rufl8BRP77GRFtgNwW95/FHPD0VDfu5bRyzASPcyVrFczJiBK1glAHRdYrErBDNqJhEEjkyv9+EkCZS/MnDKPQ==",
      "dev": true,
      "optional": true
    },
    "lefthook-darwin-x64": {
      "version": "1.11.10",
      "resolved": "https://registry.npmjs.org/lefthook-darwin-x64/-/lefthook-darwin-x64-1.11.10.tgz",
      "integrity": "sha512-3ReMyC103S+RozcYQlej9RVa1tKr9t8/PGqXbCiWcPAgA9To3GywPk8533qzTs7Nz9fYDiqJMYyQoXovX0Q4SA==",
      "dev": true,
      "optional": true
    },
    "lefthook-freebsd-arm64": {
      "version": "1.11.10",
      "resolved": "https://registry.npmjs.org/lefthook-freebsd-arm64/-/lefthook-freebsd-arm64-1.11.10.tgz",
      "integrity": "sha512-UQOdQuvoVEe0HnoVX4Uz8beegndBDKE6Igo5flV3OkrBuO1Cz7dGbTQwzsYg6gBLYUOa8Ecb3Xur80oviQqwnA==",
      "dev": true,
      "optional": true
    },
    "lefthook-freebsd-x64": {
      "version": "1.11.10",
      "resolved": "https://registry.npmjs.org/lefthook-freebsd-x64/-/lefthook-freebsd-x64-1.11.10.tgz",
      "integrity": "sha512-IkoywmTzw9dKDtN34HJ8AZkbY3CGu1XpAVU08pIIvlhv0y7PlLGHYTdmx90SC1d4FhTlTMyiANgXyIaAnXjucw==",
      "dev": true,
      "optional": true
    },
    "lefthook-linux-arm64": {
      "version": "1.11.10",
      "resolved": "https://registry.npmjs.org/lefthook-linux-arm64/-/lefthook-linux-arm64-1.11.10.tgz",
      "integrity": "sha512-l/lH4FSljNSIetcptPKLI5sTBpjS6dJZ4gk9oXoGM0ftvb22AlLcZI4l6NFCC1oLVWM0CbhkbStDGTI5txsVaA==",
      "dev": true,
      "optional": true
    },
    "lefthook-linux-x64": {
      "version": "1.11.10",
      "resolved": "https://registry.npmjs.org/lefthook-linux-x64/-/lefthook-linux-x64-1.11.10.tgz",
      "integrity": "sha512-yAIIP711p7t0Z9zLfPtdSx1d7pSgtnuVC5B9PANud3I0JOs82aCzmqpc9Q/zp+imWXdI2PpZlFyKx8GLrDW5BQ==",
      "dev": true,
      "optional": true
    },
    "lefthook-openbsd-arm64": {
      "version": "1.11.10",
      "resolved": "https://registry.npmjs.org/lefthook-openbsd-arm64/-/lefthook-openbsd-arm64-1.11.10.tgz",
      "integrity": "sha512-OAqg9BLsTaeioCJduzZrRLupA2dhTOwHOX0GkO4HTSrOD85JuEPqr5RbYoJ7zuzTQcJEXTJYzaeATM2QHjp/aQ==",
      "dev": true,
      "optional": true
    },
    "lefthook-openbsd-x64": {
      "version": "1.11.10",
      "resolved": "https://registry.npmjs.org/lefthook-openbsd-x64/-/lefthook-openbsd-x64-1.11.10.tgz",
      "integrity": "sha512-EiUU3mFvqcUdnj3gt0V0gRpQQp0b70cLDSA0LgZyFMM4UimeMbA7OgNYl72RKJgrHcTPHrQc4Vj7Mowbhb/X5w==",
      "dev": true,
      "optional": true
    },
    "lefthook-windows-arm64": {
      "version": "1.11.10",
      "resolved": "https://registry.npmjs.org/lefthook-windows-arm64/-/lefthook-windows-arm64-1.11.10.tgz",
      "integrity": "sha512-clKfI95dCpzxJ1zVgcuYWlSl2oNbtAALoMGqYrzJsoy+CAi+vIs54sqJoGOE60+zrVbdk65z8hriCoYNr98SgA==",
      "dev": true,
      "optional": true
    },
    "lefthook-windows-x64": {
      "version": "1.11.10",
      "resolved": "https://registry.npmjs.org/lefthook-windows-x64/-/lefthook-windows-x64-1.11.10.tgz",
      "integrity": "sha512-zpf/0sG50xsGnwVG/a2giUbmaM/g0uIRqxN5qBbmwKCf0P4PPD2r1xiFZNDb520+tUTC1lWe0RWVoSSwZbBQRA==",
      "dev": true,
      "optional": true
    }
  }
}
